// !$*UTF8*$!
{
	archiveVersion = 1;
	classes = {
	};
	objectVersion = 56;
	objects = {

/* Begin PBXBuildFile section */
		14ADFC0629910B950008F40E /* AppDelegate.swift in Sources */ = {isa = PBXBuildFile; fileRef = 14ADFC0529910B950008F40E /* AppDelegate.swift */; };
		14ADFC0829910B950008F40E /* SceneDelegate.swift in Sources */ = {isa = PBXBuildFile; fileRef = 14ADFC0729910B950008F40E /* SceneDelegate.swift */; };
		14ADFC0A29910B950008F40E /* ViewController.swift in Sources */ = {isa = PBXBuildFile; fileRef = 14ADFC0929910B950008F40E /* ViewController.swift */; };
		14ADFC0D29910B950008F40E /* Main.storyboard in Resources */ = {isa = PBXBuildFile; fileRef = 14ADFC0B29910B950008F40E /* Main.storyboard */; };
		14ADFC0F29910B970008F40E /* Assets.xcassets in Resources */ = {isa = PBXBuildFile; fileRef = 14ADFC0E29910B970008F40E /* Assets.xcassets */; };
		14ADFC1229910B970008F40E /* LaunchScreen.storyboard in Resources */ = {isa = PBXBuildFile; fileRef = 14ADFC1029910B970008F40E /* LaunchScreen.storyboard */; };
		14ADFC1B29910C590008F40E /* Alamofire in Frameworks */ = {isa = PBXBuildFile; productRef = 14ADFC1A29910C590008F40E /* Alamofire */; };
		14ADFC1E29910C900008F40E /* Lottie in Frameworks */ = {isa = PBXBuildFile; productRef = 14ADFC1D29910C900008F40E /* Lottie */; };
		14ADFC2129910C9F0008F40E /* SDWebImage in Frameworks */ = {isa = PBXBuildFile; productRef = 14ADFC2029910C9F0008F40E /* SDWebImage */; };
/* End PBXBuildFile section */

/* Begin PBXFileReference section */
		14ADFC0229910B950008F40E /* The MovieDB.app */ = {isa = PBXFileReference; explicitFileType = wrapper.application; includeInIndex = 0; path = "The MovieDB.app"; sourceTree = BUILT_PRODUCTS_DIR; };
		14ADFC0529910B950008F40E /* AppDelegate.swift */ = {isa = PBXFileReference; lastKnownFileType = sourcecode.swift; path = AppDelegate.swift; sourceTree = "<group>"; };
		14ADFC0729910B950008F40E /* SceneDelegate.swift */ = {isa = PBXFileReference; lastKnownFileType = sourcecode.swift; path = SceneDelegate.swift; sourceTree = "<group>"; };
		14ADFC0929910B950008F40E /* ViewController.swift */ = {isa = PBXFileReference; lastKnownFileType = sourcecode.swift; path = ViewController.swift; sourceTree = "<group>"; };
		14ADFC0C29910B950008F40E /* Base */ = {isa = PBXFileReference; lastKnownFileType = file.storyboard; name = Base; path = Base.lproj/Main.storyboard; sourceTree = "<group>"; };
		14ADFC0E29910B970008F40E /* Assets.xcassets */ = {isa = PBXFileReference; lastKnownFileType = folder.assetcatalog; path = Assets.xcassets; sourceTree = "<group>"; };
		14ADFC1129910B970008F40E /* Base */ = {isa = PBXFileReference; lastKnownFileType = file.storyboard; name = Base; path = Base.lproj/LaunchScreen.storyboard; sourceTree = "<group>"; };
		14ADFC1329910B970008F40E /* Info.plist */ = {isa = PBXFileReference; lastKnownFileType = text.plist.xml; path = Info.plist; sourceTree = "<group>"; };
/* End PBXFileReference section */

/* Begin PBXFrameworksBuildPhase section */
		14ADFBFF29910B950008F40E /* Frameworks */ = {
			isa = PBXFrameworksBuildPhase;
			buildActionMask = 2147483647;
			files = (
				14ADFC2129910C9F0008F40E /* SDWebImage in Frameworks */,
				14ADFC1B29910C590008F40E /* Alamofire in Frameworks */,
				14ADFC1E29910C900008F40E /* Lottie in Frameworks */,
			);
			runOnlyForDeploymentPostprocessing = 0;
		};
/* End PBXFrameworksBuildPhase section */

/* Begin PBXGroup section */
		14ADFBF929910B950008F40E = {
			isa = PBXGroup;
			children = (
				14ADFC0429910B950008F40E /* The MovieDB */,
				14ADFC0329910B950008F40E /* Products */,
			);
			sourceTree = "<group>";
		};
		14ADFC0329910B950008F40E /* Products */ = {
			isa = PBXGroup;
			children = (
				14ADFC0229910B950008F40E /* The MovieDB.app */,
			);
			name = Products;
			sourceTree = "<group>";
		};
		14ADFC0429910B950008F40E /* The MovieDB */ = {
			isa = PBXGroup;
			children = (
				14ADFC0529910B950008F40E /* AppDelegate.swift */,
				14ADFC0729910B950008F40E /* SceneDelegate.swift */,
				14ADFC0929910B950008F40E /* ViewController.swift */,
				14ADFC0B29910B950008F40E /* Main.storyboard */,
				14ADFC0E29910B970008F40E /* Assets.xcassets */,
				14ADFC1029910B970008F40E /* LaunchScreen.storyboard */,
				14ADFC1329910B970008F40E /* Info.plist */,
			);
			path = "The MovieDB";
			sourceTree = "<group>";
		};
/* End PBXGroup section */

/* Begin PBXNativeTarget section */
		14ADFC0129910B950008F40E /* The MovieDB */ = {
			isa = PBXNativeTarget;
			buildConfigurationList = 14ADFC1629910B970008F40E /* Build configuration list for PBXNativeTarget "The MovieDB" */;
			buildPhases = (
				14ADFBFE29910B950008F40E /* Sources */,
				14ADFBFF29910B950008F40E /* Frameworks */,
				14ADFC0029910B950008F40E /* Resources */,
			);
			buildRules = (
			);
			dependencies = (
			);
			name = "The MovieDB";
			packageProductDependencies = (
				14ADFC1A29910C590008F40E /* Alamofire */,
				14ADFC1D29910C900008F40E /* Lottie */,
				14ADFC2029910C9F0008F40E /* SDWebImage */,
			);
			productName = "The MovieDB";
			productReference = 14ADFC0229910B950008F40E /* The MovieDB.app */;
			productType = "com.apple.product-type.application";
		};
/* End PBXNativeTarget section */

/* Begin PBXProject section */
		14ADFBFA29910B950008F40E /* Project object */ = {
			isa = PBXProject;
			attributes = {
				BuildIndependentTargetsInParallel = 1;
				LastSwiftUpdateCheck = 1420;
				LastUpgradeCheck = 1420;
				TargetAttributes = {
					14ADFC0129910B950008F40E = {
						CreatedOnToolsVersion = 14.2;
					};
				};
			};
			buildConfigurationList = 14ADFBFD29910B950008F40E /* Build configuration list for PBXProject "The MovieDB" */;
			compatibilityVersion = "Xcode 14.0";
			developmentRegion = en;
			hasScannedForEncodings = 0;
			knownRegions = (
				en,
				Base,
			);
			mainGroup = 14ADFBF929910B950008F40E;
			packageReferences = (
				14ADFC1929910C590008F40E /* XCRemoteSwiftPackageReference "Alamofire" */,
				14ADFC1C29910C900008F40E /* XCRemoteSwiftPackageReference "lottie-ios" */,
				14ADFC1F29910C9F0008F40E /* XCRemoteSwiftPackageReference "SDWebImage" */,
			);
			productRefGroup = 14ADFC0329910B950008F40E /* Products */;
			projectDirPath = "";
			projectRoot = "";
			targets = (
				14ADFC0129910B950008F40E /* The MovieDB */,
			);
		};
/* End PBXProject section */

/* Begin PBXResourcesBuildPhase section */
		14ADFC0029910B950008F40E /* Resources */ = {
			isa = PBXResourcesBuildPhase;
			buildActionMask = 2147483647;
			files = (
				14ADFC1229910B970008F40E /* LaunchScreen.storyboard in Resources */,
				14ADFC0F29910B970008F40E /* Assets.xcassets in Resources */,
				14ADFC0D29910B950008F40E /* Main.storyboard in Resources */,
			);
			runOnlyForDeploymentPostprocessing = 0;
		};
/* End PBXResourcesBuildPhase section */

/* Begin PBXSourcesBuildPhase section */
		14ADFBFE29910B950008F40E /* Sources */ = {
			isa = PBXSourcesBuildPhase;
			buildActionMask = 2147483647;
			files = (
				14ADFC0A29910B950008F40E /* ViewController.swift in Sources */,
				14ADFC0629910B950008F40E /* AppDelegate.swift in Sources */,
				14ADFC0829910B950008F40E /* SceneDelegate.swift in Sources */,
			);
			runOnlyForDeploymentPostprocessing = 0;
		};
/* End PBXSourcesBuildPhase section */

/* Begin PBXVariantGroup section */
		14ADFC0B29910B950008F40E /* Main.storyboard */ = {
			isa = PBXVariantGroup;
			children = (
				14ADFC0C29910B950008F40E /* Base */,
			);
			name = Main.storyboard;
			sourceTree = "<group>";
		};
		14ADFC1029910B970008F40E /* LaunchScreen.storyboard */ = {
			isa = PBXVariantGroup;
			children = (
				14ADFC1129910B970008F40E /* Base */,
			);
			name = LaunchScreen.storyboard;
			sourceTree = "<group>";
		};
/* End PBXVariantGroup section */

/* Begin XCBuildConfiguration section */
		14ADFC1429910B970008F40E /* Debug */ = {
			isa = XCBuildConfiguration;
			buildSettings = {
				ALWAYS_SEARCH_USER_PATHS = NO;
				CLANG_ANALYZER_NONNULL = YES;
				CLANG_ANALYZER_NUMBER_OBJECT_CONVERSION = YES_AGGRESSIVE;
				CLANG_CXX_LANGUAGE_STANDARD = "gnu++20";
				CLANG_ENABLE_MODULES = YES;
				CLANG_ENABLE_OBJC_ARC = YES;
				CLANG_ENABLE_OBJC_WEAK = YES;
				CLANG_WARN_BLOCK_CAPTURE_AUTORELEASING = YES;
				CLANG_WARN_BOOL_CONVERSION = YES;
				CLANG_WARN_COMMA = YES;
				CLANG_WARN_CONSTANT_CONVERSION = YES;
				CLANG_WARN_DEPRECATED_OBJC_IMPLEMENTATIONS = YES;
				CLANG_WARN_DIRECT_OBJC_ISA_USAGE = YES_ERROR;
				CLANG_WARN_DOCUMENTATION_COMMENTS = YES;
				CLANG_WARN_EMPTY_BODY = YES;
				CLANG_WARN_ENUM_CONVERSION = YES;
				CLANG_WARN_INFINITE_RECURSION = YES;
				CLANG_WARN_INT_CONVERSION = YES;
				CLANG_WARN_NON_LITERAL_NULL_CONVERSION = YES;
				CLANG_WARN_OBJC_IMPLICIT_RETAIN_SELF = YES;
				CLANG_WARN_OBJC_LITERAL_CONVERSION = YES;
				CLANG_WARN_OBJC_ROOT_CLASS = YES_ERROR;
				CLANG_WARN_QUOTED_INCLUDE_IN_FRAMEWORK_HEADER = YES;
				CLANG_WARN_RANGE_LOOP_ANALYSIS = YES;
				CLANG_WARN_STRICT_PROTOTYPES = YES;
				CLANG_WARN_SUSPICIOUS_MOVE = YES;
				CLANG_WARN_UNGUARDED_AVAILABILITY = YES_AGGRESSIVE;
				CLANG_WARN_UNREACHABLE_CODE = YES;
				CLANG_WARN__DUPLICATE_METHOD_MATCH = YES;
				COPY_PHASE_STRIP = NO;
				DEBUG_INFORMATION_FORMAT = dwarf;
				ENABLE_STRICT_OBJC_MSGSEND = YES;
				ENABLE_TESTABILITY = YES;
				GCC_C_LANGUAGE_STANDARD = gnu11;
				GCC_DYNAMIC_NO_PIC = NO;
				GCC_NO_COMMON_BLOCKS = YES;
				GCC_OPTIMIZATION_LEVEL = 0;
				GCC_PREPROCESSOR_DEFINITIONS = (
					"DEBUG=1",
					"$(inherited)",
				);
				GCC_WARN_64_TO_32_BIT_CONVERSION = YES;
				GCC_WARN_ABOUT_RETURN_TYPE = YES_ERROR;
				GCC_WARN_UNDECLARED_SELECTOR = YES;
				GCC_WARN_UNINITIALIZED_AUTOS = YES_AGGRESSIVE;
				GCC_WARN_UNUSED_FUNCTION = YES;
				GCC_WARN_UNUSED_VARIABLE = YES;
				IPHONEOS_DEPLOYMENT_TARGET = 16.2;
				MTL_ENABLE_DEBUG_INFO = INCLUDE_SOURCE;
				MTL_FAST_MATH = YES;
				ONLY_ACTIVE_ARCH = YES;
				SDKROOT = iphoneos;
				SWIFT_ACTIVE_COMPILATION_CONDITIONS = DEBUG;
				SWIFT_OPTIMIZATION_LEVEL = "-Onone";
			};
			name = Debug;
		};
		14ADFC1529910B970008F40E /* Release */ = {
			isa = XCBuildConfiguration;
			buildSettings = {
				ALWAYS_SEARCH_USER_PATHS = NO;
				CLANG_ANALYZER_NONNULL = YES;
				CLANG_ANALYZER_NUMBER_OBJECT_CONVERSION = YES_AGGRESSIVE;
				CLANG_CXX_LANGUAGE_STANDARD = "gnu++20";
				CLANG_ENABLE_MODULES = YES;
				CLANG_ENABLE_OBJC_ARC = YES;
				CLANG_ENABLE_OBJC_WEAK = YES;
				CLANG_WARN_BLOCK_CAPTURE_AUTORELEASING = YES;
				CLANG_WARN_BOOL_CONVERSION = YES;
				CLANG_WARN_COMMA = YES;
				CLANG_WARN_CONSTANT_CONVERSION = YES;
				CLANG_WARN_DEPRECATED_OBJC_IMPLEMENTATIONS = YES;
				CLANG_WARN_DIRECT_OBJC_ISA_USAGE = YES_ERROR;
				CLANG_WARN_DOCUMENTATION_COMMENTS = YES;
				CLANG_WARN_EMPTY_BODY = YES;
				CLANG_WARN_ENUM_CONVERSION = YES;
				CLANG_WARN_INFINITE_RECURSION = YES;
				CLANG_WARN_INT_CONVERSION = YES;
				CLANG_WARN_NON_LITERAL_NULL_CONVERSION = YES;
				CLANG_WARN_OBJC_IMPLICIT_RETAIN_SELF = YES;
				CLANG_WARN_OBJC_LITERAL_CONVERSION = YES;
				CLANG_WARN_OBJC_ROOT_CLASS = YES_ERROR;
				CLANG_WARN_QUOTED_INCLUDE_IN_FRAMEWORK_HEADER = YES;
				CLANG_WARN_RANGE_LOOP_ANALYSIS = YES;
				CLANG_WARN_STRICT_PROTOTYPES = YES;
				CLANG_WARN_SUSPICIOUS_MOVE = YES;
				CLANG_WARN_UNGUARDED_AVAILABILITY = YES_AGGRESSIVE;
				CLANG_WARN_UNREACHABLE_CODE = YES;
				CLANG_WARN__DUPLICATE_METHOD_MATCH = YES;
				COPY_PHASE_STRIP = NO;
				DEBUG_INFORMATION_FORMAT = "dwarf-with-dsym";
				ENABLE_NS_ASSERTIONS = NO;
				ENABLE_STRICT_OBJC_MSGSEND = YES;
				GCC_C_LANGUAGE_STANDARD = gnu11;
				GCC_NO_COMMON_BLOCKS = YES;
				GCC_WARN_64_TO_32_BIT_CONVERSION = YES;
				GCC_WARN_ABOUT_RETURN_TYPE = YES_ERROR;
				GCC_WARN_UNDECLARED_SELECTOR = YES;
				GCC_WARN_UNINITIALIZED_AUTOS = YES_AGGRESSIVE;
				GCC_WARN_UNUSED_FUNCTION = YES;
				GCC_WARN_UNUSED_VARIABLE = YES;
				IPHONEOS_DEPLOYMENT_TARGET = 16.2;
				MTL_ENABLE_DEBUG_INFO = NO;
				MTL_FAST_MATH = YES;
				SDKROOT = iphoneos;
				SWIFT_COMPILATION_MODE = wholemodule;
				SWIFT_OPTIMIZATION_LEVEL = "-O";
				VALIDATE_PRODUCT = YES;
			};
			name = Release;
		};
		14ADFC1729910B970008F40E /* Debug */ = {
			isa = XCBuildConfiguration;
			buildSettings = {
				ASSETCATALOG_COMPILER_APPICON_NAME = AppIcon;
				ASSETCATALOG_COMPILER_GLOBAL_ACCENT_COLOR_NAME = AccentColor;
				CODE_SIGN_STYLE = Automatic;
				CURRENT_PROJECT_VERSION = 1;
				DEVELOPMENT_TEAM = 5B23LQ4AN8;
				GENERATE_INFOPLIST_FILE = YES;
				INFOPLIST_FILE = "The MovieDB/Info.plist";
				INFOPLIST_KEY_LSApplicationCategoryType = "public.app-category.video";
				INFOPLIST_KEY_UIApplicationSupportsIndirectInputEvents = YES;
				INFOPLIST_KEY_UILaunchStoryboardName = LaunchScreen;
				INFOPLIST_KEY_UIMainStoryboardFile = Main;
				INFOPLIST_KEY_UISupportedInterfaceOrientations = UIInterfaceOrientationPortrait;
				IPHONEOS_DEPLOYMENT_TARGET = 13.0;
				LD_RUNPATH_SEARCH_PATHS = (
					"$(inherited)",
					"@executable_path/Frameworks",
				);
				MARKETING_VERSION = 1.0;
				PRODUCT_BUNDLE_IDENTIFIER = "terenten.The-MovieDB";
				PRODUCT_NAME = "$(TARGET_NAME)";
				SUPPORTED_PLATFORMS = "iphoneos iphonesimulator";
				SUPPORTS_MACCATALYST = NO;
				SUPPORTS_MAC_DESIGNED_FOR_IPHONE_IPAD = NO;
				SWIFT_EMIT_LOC_STRINGS = YES;
				SWIFT_VERSION = 5.0;
				TARGETED_DEVICE_FAMILY = "1,2";
			};
			name = Debug;
		};
		14ADFC1829910B970008F40E /* Release */ = {
			isa = XCBuildConfiguration;
			buildSettings = {
				ASSETCATALOG_COMPILER_APPICON_NAME = AppIcon;
				ASSETCATALOG_COMPILER_GLOBAL_ACCENT_COLOR_NAME = AccentColor;
				CODE_SIGN_STYLE = Automatic;
				CURRENT_PROJECT_VERSION = 1;
				DEVELOPMENT_TEAM = 5B23LQ4AN8;
				GENERATE_INFOPLIST_FILE = YES;
				INFOPLIST_FILE = "The MovieDB/Info.plist";
				INFOPLIST_KEY_LSApplicationCategoryType = "public.app-category.video";
				INFOPLIST_KEY_UIApplicationSupportsIndirectInputEvents = YES;
				INFOPLIST_KEY_UILaunchStoryboardName = LaunchScreen;
				INFOPLIST_KEY_UIMainStoryboardFile = Main;
				INFOPLIST_KEY_UISupportedInterfaceOrientations = UIInterfaceOrientationPortrait;
				IPHONEOS_DEPLOYMENT_TARGET = 13.0;
				LD_RUNPATH_SEARCH_PATHS = (
					"$(inherited)",
					"@executable_path/Frameworks",
				);
				MARKETING_VERSION = 1.0;
				PRODUCT_BUNDLE_IDENTIFIER = "terenten.The-MovieDB";
				PRODUCT_NAME = "$(TARGET_NAME)";
				SUPPORTED_PLATFORMS = "iphoneos iphonesimulator";
				SUPPORTS_MACCATALYST = NO;
				SUPPORTS_MAC_DESIGNED_FOR_IPHONE_IPAD = NO;
				SWIFT_EMIT_LOC_STRINGS = YES;
				SWIFT_VERSION = 5.0;
				TARGETED_DEVICE_FAMILY = "1,2";
			};
			name = Release;
		};
/* End XCBuildConfiguration section */

/* Begin XCConfigurationList section */
		14ADFBFD29910B950008F40E /* Build configuration list for PBXProject "The MovieDB" */ = {
			isa = XCConfigurationList;
			buildConfigurations = (
				14ADFC1429910B970008F40E /* Debug */,
				14ADFC1529910B970008F40E /* Release */,
			);
			defaultConfigurationIsVisible = 0;
			defaultConfigurationName = Release;
		};
		14ADFC1629910B970008F40E /* Build configuration list for PBXNativeTarget "The MovieDB" */ = {
			isa = XCConfigurationList;
			buildConfigurations = (
				14ADFC1729910B970008F40E /* Debug */,
				14ADFC1829910B970008F40E /* Release */,
			);
			defaultConfigurationIsVisible = 0;
			defaultConfigurationName = Release;
		};
/* End XCConfigurationList section */

/* Begin XCRemoteSwiftPackageReference section */
		14ADFC1929910C590008F40E /* XCRemoteSwiftPackageReference "Alamofire" */ = {
			isa = XCRemoteSwiftPackageReference;
			repositoryURL = "https://github.com/Alamofire/Alamofire";
			requirement = {
				kind = exactVersion;
				version = 5.6.4;
			};
		};
		14ADFC1C29910C900008F40E /* XCRemoteSwiftPackageReference "lottie-ios" */ = {
			isa = XCRemoteSwiftPackageReference;
			repositoryURL = "https://github.com/airbnb/lottie-ios";
			requirement = {
				kind = exactVersion;
				version = 4.1.2;
			};
		};
		14ADFC1F29910C9F0008F40E /* XCRemoteSwiftPackageReference "SDWebImage" */ = {
			isa = XCRemoteSwiftPackageReference;
			repositoryURL = "https://github.com/SDWebImage/SDWebImage";
			requirement = {
				kind = exactVersion;
				version = 5.9.5;
			};
		};
/* End XCRemoteSwiftPackageReference section */

/* Begin XCSwiftPackageProductDependency section */
		14ADFC1A29910C590008F40E /* Alamofire */ = {
			isa = XCSwiftPackageProductDependency;
			package = 14ADFC1929910C590008F40E /* XCRemoteSwiftPackageReference "Alamofire" */;
			productName = Alamofire;
		};
		14ADFC1D29910C900008F40E /* Lottie */ = {
			isa = XCSwiftPackageProductDependency;
			package = 14ADFC1C29910C900008F40E /* XCRemoteSwiftPackageReference "lottie-ios" */;
			productName = Lottie;
		};
		14ADFC2029910C9F0008F40E /* SDWebImage */ = {
			isa = XCSwiftPackageProductDependency;
			package = 14ADFC1F29910C9F0008F40E /* XCRemoteSwiftPackageReference "SDWebImage" */;
			productName = SDWebImage;
		};
/* End XCSwiftPackageProductDependency section */
	};
	rootObject = 14ADFBFA29910B950008F40E /* Project object */;
}
